
Microsoft Visual Studio Solution File, Format Version 12.00
# Visual Studio 15
VisualStudioVersion = 15.0.27428.2015
MinimumVisualStudioVersion = 10.0.40219.1
Project("{9A19103F-16F7-4668-BE54-9A1E7A4F7556}") = "ServiceFabric.EventHubs", "ServiceFabric.EventHubs\ServiceFabric.EventHubs.csproj", "{ADE55985-B66A-4447-9307-33BF56E5EE28}"
EndProject
Project("{2150E333-8FDC-42A3-9474-1A3956D46DE8}") = "Solution Items", "Solution Items", "{B284B3D2-D627-4132-830E-A64D78EA7EDE}"
	ProjectSection(SolutionItems) = preProject
		.editorconfig = .editorconfig
		.gitignore = .gitignore
		README.md = README.md
	EndProjectSection
EndProject
Project("{A07B5EB6-E848-4116-A8D0-A826331D98C6}") = "SampleApplication", "Samples\SampleApplication\SampleApplication.sfproj", "{4D241CCF-5BF2-47D1-BD67-2C5817C8D1EB}"
EndProject
Project("{9A19103F-16F7-4668-BE54-9A1E7A4F7556}") = "ReliableService", "Samples\ReliableServices\ReliableService\ReliableService.csproj", "{E8154E52-DDA1-44C1-B8DF-5D3842713469}"
EndProject
Project("{2150E333-8FDC-42A3-9474-1A3956D46DE8}") = "Samples", "Samples", "{4448BE28-5E9F-48EB-881A-C946EA839321}"
EndProject
Project("{FAE04EC0-301F-11D3-BF4B-00C04F79EFBC}") = "TestSender", "Samples\TestSender\TestSender.csproj", "{F98BDF2E-B1B4-47F5-AF9C-E7AFFFD41A17}"
EndProject
Global
	GlobalSection(SolutionConfigurationPlatforms) = preSolution
		Debug|Any CPU = Debug|Any CPU
		Debug|x64 = Debug|x64
		Release|Any CPU = Release|Any CPU
		Release|x64 = Release|x64
	EndGlobalSection
	GlobalSection(ProjectConfigurationPlatforms) = postSolution
		{ADE55985-B66A-4447-9307-33BF56E5EE28}.Debug|Any CPU.ActiveCfg = Debug|Any CPU
		{ADE55985-B66A-4447-9307-33BF56E5EE28}.Debug|Any CPU.Build.0 = Debug|Any CPU
		{ADE55985-B66A-4447-9307-33BF56E5EE28}.Debug|x64.ActiveCfg = Debug|Any CPU
		{ADE55985-B66A-4447-9307-33BF56E5EE28}.Debug|x64.Build.0 = Debug|Any CPU
		{ADE55985-B66A-4447-9307-33BF56E5EE28}.Release|Any CPU.ActiveCfg = Release|Any CPU
		{ADE55985-B66A-4447-9307-33BF56E5EE28}.Release|Any CPU.Build.0 = Release|Any CPU
		{ADE55985-B66A-4447-9307-33BF56E5EE28}.Release|x64.ActiveCfg = Release|Any CPU
		{ADE55985-B66A-4447-9307-33BF56E5EE28}.Release|x64.Build.0 = Release|Any CPU
		{4D241CCF-5BF2-47D1-BD67-2C5817C8D1EB}.Debug|Any CPU.ActiveCfg = Debug|x64
		{4D241CCF-5BF2-47D1-BD67-2C5817C8D1EB}.Debug|x64.ActiveCfg = Debug|x64
		{4D241CCF-5BF2-47D1-BD67-2C5817C8D1EB}.Debug|x64.Build.0 = Debug|x64
		{4D241CCF-5BF2-47D1-BD67-2C5817C8D1EB}.Debug|x64.Deploy.0 = Debug|x64
		{4D241CCF-5BF2-47D1-BD67-2C5817C8D1EB}.Release|Any CPU.ActiveCfg = Release|x64
		{4D241CCF-5BF2-47D1-BD67-2C5817C8D1EB}.Release|x64.ActiveCfg = Release|x64
		{4D241CCF-5BF2-47D1-BD67-2C5817C8D1EB}.Release|x64.Build.0 = Release|x64
		{4D241CCF-5BF2-47D1-BD67-2C5817C8D1EB}.Release|x64.Deploy.0 = Release|x64
		{E8154E52-DDA1-44C1-B8DF-5D3842713469}.Debug|Any CPU.ActiveCfg = Debug|Any CPU
		{E8154E52-DDA1-44C1-B8DF-5D3842713469}.Debug|Any CPU.Build.0 = Debug|Any CPU
		{E8154E52-DDA1-44C1-B8DF-5D3842713469}.Debug|x64.ActiveCfg = Debug|Any CPU
		{E8154E52-DDA1-44C1-B8DF-5D3842713469}.Debug|x64.Build.0 = Debug|Any CPU
		{E8154E52-DDA1-44C1-B8DF-5D3842713469}.Release|Any CPU.ActiveCfg = Release|Any CPU
		{E8154E52-DDA1-44C1-B8DF-5D3842713469}.Release|Any CPU.Build.0 = Release|Any CPU
		{E8154E52-DDA1-44C1-B8DF-5D3842713469}.Release|x64.ActiveCfg = Release|Any CPU
		{E8154E52-DDA1-44C1-B8DF-5D3842713469}.Release|x64.Build.0 = Release|Any CPU
		{F98BDF2E-B1B4-47F5-AF9C-E7AFFFD41A17}.Debug|Any CPU.ActiveCfg = Debug|Any CPU
		{F98BDF2E-B1B4-47F5-AF9C-E7AFFFD41A17}.Debug|Any CPU.Build.0 = Debug|Any CPU
		{F98BDF2E-B1B4-47F5-AF9C-E7AFFFD41A17}.Debug|x64.ActiveCfg = Debug|Any CPU
		{F98BDF2E-B1B4-47F5-AF9C-E7AFFFD41A17}.Debug|x64.Build.0 = Debug|Any CPU
		{F98BDF2E-B1B4-47F5-AF9C-E7AFFFD41A17}.Release|Any CPU.ActiveCfg = Release|Any CPU
		{F98BDF2E-B1B4-47F5-AF9C-E7AFFFD41A17}.Release|Any CPU.Build.0 = Release|Any CPU
		{F98BDF2E-B1B4-47F5-AF9C-E7AFFFD41A17}.Release|x64.ActiveCfg = Release|Any CPU
		{F98BDF2E-B1B4-47F5-AF9C-E7AFFFD41A17}.Release|x64.Build.0 = Release|Any CPU
	EndGlobalSection
	GlobalSection(SolutionProperties) = preSolution
		HideSolutionNode = FALSE
	EndGlobalSection
	GlobalSection(NestedProjects) = preSolution
		{4D241CCF-5BF2-47D1-BD67-2C5817C8D1EB} = {4448BE28-5E9F-48EB-881A-C946EA839321}
		{E8154E52-DDA1-44C1-B8DF-5D3842713469} = {4448BE28-5E9F-48EB-881A-C946EA839321}
		{F98BDF2E-B1B4-47F5-AF9C-E7AFFFD41A17} = {4448BE28-5E9F-48EB-881A-C946EA839321}
	EndGlobalSection
	GlobalSection(ExtensibilityGlobals) = postSolution
		SolutionGuid = {223E1D22-3FC0-4A1F-974C-4E9B60857031}
	EndGlobalSection
EndGlobal
